
Microsoft Visual Studio Solution File, Format Version 12.00
# Visual Studio Version 17
VisualStudioVersion = 17.13.35919.96 d17.13
MinimumVisualStudioVersion = 10.0.40219.1
Project("{FAE04EC0-301F-11D3-BF4B-00C04F79EFBC}") = "Desktop", "Desktop\Desktop.csproj", "{395CF2EF-F10A-4925-BCF1-C35EE6582B55}"
EndProject
Project("{FAE04EC0-301F-11D3-BF4B-00C04F79EFBC}") = "Shared", "Shared\Shared.csproj", "{1AB634D9-5DA7-4CB5-AD7D-FEC80DE49AA2}"
EndProject
Global
	GlobalSection(SolutionConfigurationPlatforms) = preSolution
		Debug|Any CPU = Debug|Any CPU
		Release|Any CPU = Release|Any CPU
	EndGlobalSection
	GlobalSection(ProjectConfigurationPlatforms) = postSolution
		{395CF2EF-F10A-4925-BCF1-C35EE6582B55}.Debug|Any CPU.ActiveCfg = Debug|Any CPU
		{395CF2EF-F10A-4925-BCF1-C35EE6582B55}.Debug|Any CPU.Build.0 = Debug|Any CPU
		{395CF2EF-F10A-4925-BCF1-C35EE6582B55}.Release|Any CPU.ActiveCfg = Release|Any CPU
		{395CF2EF-F10A-4925-BCF1-C35EE6582B55}.Release|Any CPU.Build.0 = Release|Any CPU
		{1AB634D9-5DA7-4CB5-AD7D-FEC80DE49AA2}.Debug|Any CPU.ActiveCfg = Debug|Any CPU
		{1AB634D9-5DA7-4CB5-AD7D-FEC80DE49AA2}.Debug|Any CPU.Build.0 = Debug|Any CPU
		{1AB634D9-5DA7-4CB5-AD7D-FEC80DE49AA2}.Release|Any CPU.ActiveCfg = Release|Any CPU
		{1AB634D9-5DA7-4CB5-AD7D-FEC80DE49AA2}.Release|Any CPU.Build.0 = Release|Any CPU
	EndGlobalSection
	GlobalSection(SolutionProperties) = preSolution
		HideSolutionNode = FALSE
	EndGlobalSection
	GlobalSection(ExtensibilityGlobals) = postSolution
		SolutionGuid = {338DC52A-2140-4ECD-A862-9CED73AE2A41}
	EndGlobalSection
EndGlobal
